
Microsoft Visual Studio Solution File, Format Version 12.00
# Visual Studio 15
VisualStudioVersion = 15.0.26430.12
MinimumVisualStudioVersion = 10.0.40219.1
Project("{9A19103F-16F7-4668-BE54-9A1E7A4F7556}") = "CoreLibrary", "CoreLibrary\CoreLibrary.csproj", "{08244F82-CAC2-45EA-87EC-3B6B226CAF9F}"
EndProject
Project("{FAE04EC0-301F-11D3-BF4B-00C04F79EFBC}") = "TeamTasks", "TeamTasks\TeamTasks.csproj", "{251B837E-5D1F-4276-8DE9-6034D5DBC122}"
EndProject
Project("{FAE04EC0-301F-11D3-BF4B-00C04F79EFBC}") = "TeamTasks.EntityFramework", "TeamTasks.EntityFramework\TeamTasks.EntityFramework.csproj", "{BA13E705-B2AA-4D17-9AA5-2436C4D67A68}"
EndProject
Project("{FAE04EC0-301F-11D3-BF4B-00C04F79EFBC}") = "CoreLibrary.Linq", "CoreLibrary.Linq\CoreLibrary.Linq.csproj", "{C827943A-8E05-49A8-8889-415840CF3A46}"
EndProject
Project("{FAE04EC0-301F-11D3-BF4B-00C04F79EFBC}") = "CoreLibrary.EntityFramework", "CoreLibrary.EntityFramework\CoreLibrary.EntityFramework.csproj", "{B532E9BC-41CE-4E24-9681-0F8D062110BF}"
EndProject
Project("{FAE04EC0-301F-11D3-BF4B-00C04F79EFBC}") = "TeamTasks.DevMigration", "TeamTasks.DevMigration\TeamTasks.DevMigration.csproj", "{6A7C30FB-6ADE-4FD5-9D85-3A9A6DA3DBB7}"
EndProject
Project("{FAE04EC0-301F-11D3-BF4B-00C04F79EFBC}") = "TeamTasks.Docs", "TeamTasks.Docs\TeamTasks.Docs.csproj", "{852F93EB-802E-4CF5-B7A8-809754D9FF6F}"
EndProject
Project("{FAE04EC0-301F-11D3-BF4B-00C04F79EFBC}") = "TeamTasks.Tests", "TeamTasks.Tests\TeamTasks.Tests.csproj", "{BBF0A07F-5452-4145-8E46-6C4E9EFF024F}"
EndProject
Global
	GlobalSection(SolutionConfigurationPlatforms) = preSolution
		Debug|Any CPU = Debug|Any CPU
		Release|Any CPU = Release|Any CPU
	EndGlobalSection
	GlobalSection(ProjectConfigurationPlatforms) = postSolution
		{08244F82-CAC2-45EA-87EC-3B6B226CAF9F}.Debug|Any CPU.ActiveCfg = Debug|Any CPU
		{08244F82-CAC2-45EA-87EC-3B6B226CAF9F}.Debug|Any CPU.Build.0 = Debug|Any CPU
		{08244F82-CAC2-45EA-87EC-3B6B226CAF9F}.Release|Any CPU.ActiveCfg = Release|Any CPU
		{08244F82-CAC2-45EA-87EC-3B6B226CAF9F}.Release|Any CPU.Build.0 = Release|Any CPU
		{251B837E-5D1F-4276-8DE9-6034D5DBC122}.Debug|Any CPU.ActiveCfg = Debug|Any CPU
		{251B837E-5D1F-4276-8DE9-6034D5DBC122}.Debug|Any CPU.Build.0 = Debug|Any CPU
		{251B837E-5D1F-4276-8DE9-6034D5DBC122}.Release|Any CPU.ActiveCfg = Release|Any CPU
		{251B837E-5D1F-4276-8DE9-6034D5DBC122}.Release|Any CPU.Build.0 = Release|Any CPU
		{BA13E705-B2AA-4D17-9AA5-2436C4D67A68}.Debug|Any CPU.ActiveCfg = Debug|Any CPU
		{BA13E705-B2AA-4D17-9AA5-2436C4D67A68}.Debug|Any CPU.Build.0 = Debug|Any CPU
		{BA13E705-B2AA-4D17-9AA5-2436C4D67A68}.Release|Any CPU.ActiveCfg = Release|Any CPU
		{BA13E705-B2AA-4D17-9AA5-2436C4D67A68}.Release|Any CPU.Build.0 = Release|Any CPU
		{C827943A-8E05-49A8-8889-415840CF3A46}.Debug|Any CPU.ActiveCfg = Debug|Any CPU
		{C827943A-8E05-49A8-8889-415840CF3A46}.Debug|Any CPU.Build.0 = Debug|Any CPU
		{C827943A-8E05-49A8-8889-415840CF3A46}.Release|Any CPU.ActiveCfg = Release|Any CPU
		{C827943A-8E05-49A8-8889-415840CF3A46}.Release|Any CPU.Build.0 = Release|Any CPU
		{B532E9BC-41CE-4E24-9681-0F8D062110BF}.Debug|Any CPU.ActiveCfg = Debug|Any CPU
		{B532E9BC-41CE-4E24-9681-0F8D062110BF}.Debug|Any CPU.Build.0 = Debug|Any CPU
		{B532E9BC-41CE-4E24-9681-0F8D062110BF}.Release|Any CPU.ActiveCfg = Release|Any CPU
		{B532E9BC-41CE-4E24-9681-0F8D062110BF}.Release|Any CPU.Build.0 = Release|Any CPU
		{6A7C30FB-6ADE-4FD5-9D85-3A9A6DA3DBB7}.Debug|Any CPU.ActiveCfg = Debug|Any CPU
		{6A7C30FB-6ADE-4FD5-9D85-3A9A6DA3DBB7}.Debug|Any CPU.Build.0 = Debug|Any CPU
		{6A7C30FB-6ADE-4FD5-9D85-3A9A6DA3DBB7}.Release|Any CPU.ActiveCfg = Release|Any CPU
		{6A7C30FB-6ADE-4FD5-9D85-3A9A6DA3DBB7}.Release|Any CPU.Build.0 = Release|Any CPU
		{852F93EB-802E-4CF5-B7A8-809754D9FF6F}.Debug|Any CPU.ActiveCfg = Debug|Any CPU
		{852F93EB-802E-4CF5-B7A8-809754D9FF6F}.Debug|Any CPU.Build.0 = Debug|Any CPU
		{852F93EB-802E-4CF5-B7A8-809754D9FF6F}.Release|Any CPU.ActiveCfg = Release|Any CPU
		{852F93EB-802E-4CF5-B7A8-809754D9FF6F}.Release|Any CPU.Build.0 = Release|Any CPU
		{BBF0A07F-5452-4145-8E46-6C4E9EFF024F}.Debug|Any CPU.ActiveCfg = Debug|Any CPU
		{BBF0A07F-5452-4145-8E46-6C4E9EFF024F}.Debug|Any CPU.Build.0 = Debug|Any CPU
		{BBF0A07F-5452-4145-8E46-6C4E9EFF024F}.Release|Any CPU.ActiveCfg = Release|Any CPU
		{BBF0A07F-5452-4145-8E46-6C4E9EFF024F}.Release|Any CPU.Build.0 = Release|Any CPU
	EndGlobalSection
	GlobalSection(SolutionProperties) = preSolution
		HideSolutionNode = FALSE
	EndGlobalSection
EndGlobal
